{
  "name": "node",
  "version": "1.0.0",
  "lockfileVersion": 1,
  "requires": true,
  "dependencies": {
    "@types/node": {
      "version": "6.0.106",
      "resolved": "https://registry.npmjs.org/@types/node/-/node-6.0.106.tgz",
      "integrity": "sha512-U4Zv5fx7letrisRv6HgSSPSY00FZM4NMIkilt+IAExvQLuNa6jYVwCKcnSs2NqTN4+KDl9PskvcCiMce9iePCA=="
    },
    "async-limiter": {
      "version": "1.0.0",
      "resolved": "https://registry.npmjs.org/async-limiter/-/async-limiter-1.0.0.tgz",
      "integrity": "sha512-jp/uFnooOiO+L211eZOoSyzpOITMXx1rBITauYykG3BRYPu8h0UcxsPNB04RR5vo4Tyz3+ay17tR6JVf9qzYWg=="
    },
    "binary-parser": {
      "version": "1.1.5",
      "resolved": "https://registry.npmjs.org/binary-parser/-/binary-parser-1.1.5.tgz",
      "integrity": "sha1-ciTWGk4vp7Wu3mn+Tw6moJAreeg="
    },
    "binary-protocol": {
      "version": "0.0.0",
      "resolved": "https://registry.npmjs.org/binary-protocol/-/binary-protocol-0.0.0.tgz",
      "integrity": "sha1-ZU4tbCB8HS7qpl1dais+ulmu024=",
      "requires": {
        "bluebird": "2.2.2"
      }
    },
    "bluebird": {
      "version": "2.2.2",
      "resolved": "https://registry.npmjs.org/bluebird/-/bluebird-2.2.2.tgz",
      "integrity": "sha1-8b8Fq8iHz5pwOIYjfChhCkOx8RQ="
    },
    "ipaddr.js": {
      "version": "1.2.0",
      "resolved": "https://registry.npmjs.org/ipaddr.js/-/ipaddr.js-1.2.0.tgz",
      "integrity": "sha1-irpJyRknmVhb3WQ+DMtQ6K53e6Q="
    },
    "knx": {
      "version": "2.3.0",
      "resolved": "https://registry.npmjs.org/knx/-/knx-2.3.0.tgz",
      "integrity": "sha512-IENiEfwj5ccyYCYGfqMti2mxJVQw83HWCvpgph3CeLWqcfygHkbmKAtFJk7tfM2NwvzSCmEaFLo7bVaicZmYOg==",
      "requires": {
        "@types/node": "6.0.106",
        "binary-parser": "1.1.5",
        "binary-protocol": "0.0.0",
        "ipaddr.js": "1.2.0",
        "log-driver": "1.2.7",
        "machina": "2.0.2"
      }
    },
    "lodash": {
      "version": "3.10.1",
      "resolved": "https://registry.npmjs.org/lodash/-/lodash-3.10.1.tgz",
      "integrity": "sha1-W/Rejkm6QYnhfUgnid/RW9FAt7Y="
    },
    "log-driver": {
      "version": "1.2.7",
      "resolved": "https://registry.npmjs.org/log-driver/-/log-driver-1.2.7.tgz",
      "integrity": "sha512-U7KCmLdqsGHBLeWqYlFA0V0Sl6P08EE1ZrmA9cxjUE0WVqT9qnyVDPz1kzpFEP0jdJuFnasWIfSd7fsaNXkpbg=="
    },
    "machina": {
      "version": "2.0.2",
      "resolved": "https://registry.npmjs.org/machina/-/machina-2.0.2.tgz",
      "integrity": "sha512-9U9g4eQjQ2JARX7h/051r65EQEfFfpPxoSjVmUMJG6gnfjVjM+rjwVLoq7Z9NovjYm7AR3oTWWPtHVlgeSZzYw==",
      "requires": {
        "lodash": "3.10.1"
      }
    },
    "ws": {
      "version": "5.1.1",
      "resolved": "https://registry.npmjs.org/ws/-/ws-5.1.1.tgz",
      "integrity": "sha512-bOusvpCb09TOBLbpMKszd45WKC2KPtxiyiHanv+H2DE3Az+1db5a/L7sVJZVDPUC1Br8f0SKRr1KjLpD1U/IAw==",
      "requires": {
        "async-limiter": "1.0.0"
      }
    }
  }
}
